
Microsoft Visual Studio Solution File, Format Version 12.00
# Visual Studio Version 16
VisualStudioVersion = 16.0.31729.503
MinimumVisualStudioVersion = 10.0.40219.1
Project("{FAE04EC0-301F-11D3-BF4B-00C04F79EFBC}") = "BlazorDeployTestApp.Server", "BlazorDeployTestApp\Server\BlazorDeployTestApp.Server.csproj", "{23E994EC-FEAA-49C4-99AB-B2747917D241}"
EndProject
Project("{FAE04EC0-301F-11D3-BF4B-00C04F79EFBC}") = "BlazorDeployTestApp.Client", "BlazorDeployTestApp\Client\BlazorDeployTestApp.Client.csproj", "{0281AE60-F7B3-4531-BD5E-276D93F1FD84}"
EndProject
Project("{FAE04EC0-301F-11D3-BF4B-00C04F79EFBC}") = "BlazorDeployTestApp.Shared", "BlazorDeployTestApp\Shared\BlazorDeployTestApp.Shared.csproj", "{02CC08EF-906B-412A-AF7B-831937B1F421}"
EndProject
Global
	GlobalSection(SolutionConfigurationPlatforms) = preSolution
		Debug|Any CPU = Debug|Any CPU
		Release|Any CPU = Release|Any CPU
	EndGlobalSection
	GlobalSection(ProjectConfigurationPlatforms) = postSolution
		{23E994EC-FEAA-49C4-99AB-B2747917D241}.Debug|Any CPU.ActiveCfg = Debug|Any CPU
		{23E994EC-FEAA-49C4-99AB-B2747917D241}.Debug|Any CPU.Build.0 = Debug|Any CPU
		{23E994EC-FEAA-49C4-99AB-B2747917D241}.Release|Any CPU.ActiveCfg = Release|Any CPU
		{23E994EC-FEAA-49C4-99AB-B2747917D241}.Release|Any CPU.Build.0 = Release|Any CPU
		{0281AE60-F7B3-4531-BD5E-276D93F1FD84}.Debug|Any CPU.ActiveCfg = Debug|Any CPU
		{0281AE60-F7B3-4531-BD5E-276D93F1FD84}.Debug|Any CPU.Build.0 = Debug|Any CPU
		{0281AE60-F7B3-4531-BD5E-276D93F1FD84}.Release|Any CPU.ActiveCfg = Release|Any CPU
		{0281AE60-F7B3-4531-BD5E-276D93F1FD84}.Release|Any CPU.Build.0 = Release|Any CPU
		{02CC08EF-906B-412A-AF7B-831937B1F421}.Debug|Any CPU.ActiveCfg = Debug|Any CPU
		{02CC08EF-906B-412A-AF7B-831937B1F421}.Debug|Any CPU.Build.0 = Debug|Any CPU
		{02CC08EF-906B-412A-AF7B-831937B1F421}.Release|Any CPU.ActiveCfg = Release|Any CPU
		{02CC08EF-906B-412A-AF7B-831937B1F421}.Release|Any CPU.Build.0 = Release|Any CPU
	EndGlobalSection
	GlobalSection(SolutionProperties) = preSolution
		HideSolutionNode = FALSE
	EndGlobalSection
	GlobalSection(ExtensibilityGlobals) = postSolution
		SolutionGuid = {BD2CBE4B-A2BC-473C-A760-CC0AE03EFF4F}
	EndGlobalSection
EndGlobal
